
Microsoft Visual Studio Solution File, Format Version 12.00
# Visual Studio Version 17
VisualStudioVersion = 17.13.35931.197 d17.13
MinimumVisualStudioVersion = 10.0.40219.1
Project("{FAE04EC0-301F-11D3-BF4B-00C04F79EFBC}") = "ABCRetail", "ABCRetail.csproj", "{5915924F-5528-476D-9434-5ED5E582DE80}"
EndProject
Global
	GlobalSection(SolutionConfigurationPlatforms) = preSolution
		Debug|Any CPU = Debug|Any CPU
		Release|Any CPU = Release|Any CPU
	EndGlobalSection
	GlobalSection(ProjectConfigurationPlatforms) = postSolution
		{5915924F-5528-476D-9434-5ED5E582DE80}.Debug|Any CPU.ActiveCfg = Debug|Any CPU
		{5915924F-5528-476D-9434-5ED5E582DE80}.Debug|Any CPU.Build.0 = Debug|Any CPU
		{5915924F-5528-476D-9434-5ED5E582DE80}.Release|Any CPU.ActiveCfg = Release|Any CPU
		{5915924F-5528-476D-9434-5ED5E582DE80}.Release|Any CPU.Build.0 = Release|Any CPU
	EndGlobalSection
	GlobalSection(SolutionProperties) = preSolution
		HideSolutionNode = FALSE
	EndGlobalSection
	GlobalSection(ExtensibilityGlobals) = postSolution
		SolutionGuid = {23F8D486-19A9-49F5-ADDB-D5ABAA3F6EF0}
	EndGlobalSection
EndGlobal
